// !$*UTF8*$!
{
	archiveVersion = 1;
	classes = {
	};
	objectVersion = 77;
	objects = {

/* Begin PBXBuildFile section */
		EF8184432DAEA106009E238E /* Preview Assets.xcassets in Resources */ = {isa = PBXBuildFile; fileRef = EF81843C2DAEA106009E238E /* Preview Assets.xcassets */; };
		EF8184442DAEA106009E238E /* Assets.xcassets in Resources */ = {isa = PBXBuildFile; fileRef = EF81843E2DAEA106009E238E /* Assets.xcassets */; };
		EF8184452DAEA106009E238E /* ContentView.swift in Sources */ = {isa = PBXBuildFile; fileRef = EF81843F2DAEA106009E238E /* ContentView.swift */; };
		EF8184462DAEA106009E238E /* IOS_Onboarding_TemplateApp.swift in Sources */ = {isa = PBXBuildFile; fileRef = EF8184412DAEA106009E238E /* IOS_Onboarding_TemplateApp.swift */; };
		EF8184482DAEA12C009E238E /* ButtonView.swift in Sources */ = {isa = PBXBuildFile; fileRef = EF8184472DAEA12C009E238E /* ButtonView.swift */; };
		EF81844A2DAEA162009E238E /* CheckBoxView.swift in Sources */ = {isa = PBXBuildFile; fileRef = EF8184492DAEA162009E238E /* CheckBoxView.swift */; };
		EF8184582DAF0103009E238E /* OnboardingView.swift in Sources */ = {isa = PBXBuildFile; fileRef = EF8184572DAF0103009E238E /* OnboardingView.swift */; };
		EF81845C2DAF09CB009E238E /* HomeScreenView.swift in Sources */ = {isa = PBXBuildFile; fileRef = EF81845B2DAF09CB009E238E /* HomeScreenView.swift */; };
		EF8184662DB098D5009E238E /* BackgroundView.swift in Sources */ = {isa = PBXBuildFile; fileRef = EF8184652DB098D5009E238E /* BackgroundView.swift */; };
		EF81846A2DB1B8EF009E238E /* ProgressBarView.swift in Sources */ = {isa = PBXBuildFile; fileRef = EF8184692DB1B8EF009E238E /* ProgressBarView.swift */; };
		EF8184722DB2CE9A009E238E /* BackButtonView.swift in Sources */ = {isa = PBXBuildFile; fileRef = EF8184712DB2CE9A009E238E /* BackButtonView.swift */; };
		EF8184752DB2D604009E238E /* AppServices.swift in Sources */ = {isa = PBXBuildFile; fileRef = EF8184742DB2D604009E238E /* AppServices.swift */; };
		EFD09B3E2DB34D41003D011D /* Payment.swift in Sources */ = {isa = PBXBuildFile; fileRef = EFD09B3D2DB34D3C003D011D /* Payment.swift */; };
		EFD09B4E2DB41A9A003D011D /* PrivacyPolicyView.swift in Sources */ = {isa = PBXBuildFile; fileRef = EFD09B4D2DB41A9A003D011D /* PrivacyPolicyView.swift */; };
		EFD09B522DB41E3E003D011D /* TermsAndConditionsView.swift in Sources */ = {isa = PBXBuildFile; fileRef = EFD09B512DB41E3E003D011D /* TermsAndConditionsView.swift */; };
		EFD09B562DB4231B003D011D /* MainColorView.swift in Sources */ = {isa = PBXBuildFile; fileRef = EFD09B552DB4231B003D011D /* MainColorView.swift */; };
		EFD09B5C2DB4344F003D011D /* CameraFlowView.swift in Sources */ = {isa = PBXBuildFile; fileRef = EFD09B5B2DB4344F003D011D /* CameraFlowView.swift */; };
/* End PBXBuildFile section */

/* Begin PBXContainerItemProxy section */
		EF81841E2DAE9ABF009E238E /* PBXContainerItemProxy */ = {
			isa = PBXContainerItemProxy;
			containerPortal = EF8184042DAE9ABE009E238E /* Project object */;
			proxyType = 1;
			remoteGlobalIDString = EF81840B2DAE9ABE009E238E;
			remoteInfo = IOS_Onboarding_Template;
		};
		EF8184282DAE9ABF009E238E /* PBXContainerItemProxy */ = {
			isa = PBXContainerItemProxy;
			containerPortal = EF8184042DAE9ABE009E238E /* Project object */;
			proxyType = 1;
			remoteGlobalIDString = EF81840B2DAE9ABE009E238E;
			remoteInfo = IOS_Onboarding_Template;
		};
/* End PBXContainerItemProxy section */

/* Begin PBXFileReference section */
		EF81840C2DAE9ABE009E238E /* IOS_Onboarding_Template.app */ = {isa = PBXFileReference; explicitFileType = wrapper.application; includeInIndex = 0; path = IOS_Onboarding_Template.app; sourceTree = BUILT_PRODUCTS_DIR; };
		EF81841D2DAE9ABF009E238E /* IOS_Onboarding_TemplateTests.xctest */ = {isa = PBXFileReference; explicitFileType = wrapper.cfbundle; includeInIndex = 0; path = IOS_Onboarding_TemplateTests.xctest; sourceTree = BUILT_PRODUCTS_DIR; };
		EF8184272DAE9ABF009E238E /* IOS_Onboarding_TemplateUITests.xctest */ = {isa = PBXFileReference; explicitFileType = wrapper.cfbundle; includeInIndex = 0; path = IOS_Onboarding_TemplateUITests.xctest; sourceTree = BUILT_PRODUCTS_DIR; };
		EF81843C2DAEA106009E238E /* Preview Assets.xcassets */ = {isa = PBXFileReference; lastKnownFileType = folder.assetcatalog; path = "Preview Assets.xcassets"; sourceTree = "<group>"; };
		EF81843E2DAEA106009E238E /* Assets.xcassets */ = {isa = PBXFileReference; lastKnownFileType = folder.assetcatalog; path = Assets.xcassets; sourceTree = "<group>"; };
		EF81843F2DAEA106009E238E /* ContentView.swift */ = {isa = PBXFileReference; lastKnownFileType = sourcecode.swift; path = ContentView.swift; sourceTree = "<group>"; };
		EF8184402DAEA106009E238E /* IOS_Onboarding_Template.entitlements */ = {isa = PBXFileReference; lastKnownFileType = text.plist.entitlements; path = IOS_Onboarding_Template.entitlements; sourceTree = "<group>"; };
		EF8184412DAEA106009E238E /* IOS_Onboarding_TemplateApp.swift */ = {isa = PBXFileReference; lastKnownFileType = sourcecode.swift; path = IOS_Onboarding_TemplateApp.swift; sourceTree = "<group>"; };
		EF8184472DAEA12C009E238E /* ButtonView.swift */ = {isa = PBXFileReference; lastKnownFileType = sourcecode.swift; path = ButtonView.swift; sourceTree = "<group>"; };
		EF8184492DAEA162009E238E /* CheckBoxView.swift */ = {isa = PBXFileReference; lastKnownFileType = sourcecode.swift; path = CheckBoxView.swift; sourceTree = "<group>"; };
		EF8184572DAF0103009E238E /* OnboardingView.swift */ = {isa = PBXFileReference; lastKnownFileType = sourcecode.swift; path = OnboardingView.swift; sourceTree = "<group>"; };
		EF81845B2DAF09CB009E238E /* HomeScreenView.swift */ = {isa = PBXFileReference; lastKnownFileType = sourcecode.swift; path = HomeScreenView.swift; sourceTree = "<group>"; };
		EF8184652DB098D5009E238E /* BackgroundView.swift */ = {isa = PBXFileReference; lastKnownFileType = sourcecode.swift; path = BackgroundView.swift; sourceTree = "<group>"; };
		EF8184692DB1B8EF009E238E /* ProgressBarView.swift */ = {isa = PBXFileReference; lastKnownFileType = sourcecode.swift; path = ProgressBarView.swift; sourceTree = "<group>"; };
		EF8184712DB2CE9A009E238E /* BackButtonView.swift */ = {isa = PBXFileReference; lastKnownFileType = sourcecode.swift; path = BackButtonView.swift; sourceTree = "<group>"; };
		EF8184742DB2D604009E238E /* AppServices.swift */ = {isa = PBXFileReference; lastKnownFileType = sourcecode.swift; path = AppServices.swift; sourceTree = "<group>"; };
		EFD09B3D2DB34D3C003D011D /* Payment.swift */ = {isa = PBXFileReference; lastKnownFileType = sourcecode.swift; path = Payment.swift; sourceTree = "<group>"; };
		EFD09B4D2DB41A9A003D011D /* PrivacyPolicyView.swift */ = {isa = PBXFileReference; lastKnownFileType = sourcecode.swift; path = PrivacyPolicyView.swift; sourceTree = "<group>"; };
		EFD09B512DB41E3E003D011D /* TermsAndConditionsView.swift */ = {isa = PBXFileReference; lastKnownFileType = sourcecode.swift; path = TermsAndConditionsView.swift; sourceTree = "<group>"; };
		EFD09B552DB4231B003D011D /* MainColorView.swift */ = {isa = PBXFileReference; lastKnownFileType = sourcecode.swift; path = MainColorView.swift; sourceTree = "<group>"; };
		EFD09B5B2DB4344F003D011D /* CameraFlowView.swift */ = {isa = PBXFileReference; lastKnownFileType = sourcecode.swift; path = CameraFlowView.swift; sourceTree = "<group>"; };
		EFD09B712DB44073003D011D /* IOS-Onboarding-Template-Info.plist */ = {isa = PBXFileReference; lastKnownFileType = text.plist.xml; name = "IOS-Onboarding-Template-Info.plist"; path = "IOS_Onboarding_Template/IOS-Onboarding-Template-Info.plist"; sourceTree = SOURCE_ROOT; };
/* End PBXFileReference section */

/* Begin PBXFileSystemSynchronizedRootGroup section */
		EF8184202DAE9ABF009E238E /* IOS_Onboarding_TemplateTests */ = {
			isa = PBXFileSystemSynchronizedRootGroup;
			path = IOS_Onboarding_TemplateTests;
			sourceTree = "<group>";
		};
		EF81842A2DAE9ABF009E238E /* IOS_Onboarding_TemplateUITests */ = {
			isa = PBXFileSystemSynchronizedRootGroup;
			path = IOS_Onboarding_TemplateUITests;
			sourceTree = "<group>";
		};
/* End PBXFileSystemSynchronizedRootGroup section */

/* Begin PBXFrameworksBuildPhase section */
		EF8184092DAE9ABE009E238E /* Frameworks */ = {
			isa = PBXFrameworksBuildPhase;
			buildActionMask = 2147483647;
			files = (
			);
			runOnlyForDeploymentPostprocessing = 0;
		};
		EF81841A2DAE9ABF009E238E /* Frameworks */ = {
			isa = PBXFrameworksBuildPhase;
			buildActionMask = 2147483647;
			files = (
			);
			runOnlyForDeploymentPostprocessing = 0;
		};
		EF8184242DAE9ABF009E238E /* Frameworks */ = {
			isa = PBXFrameworksBuildPhase;
			buildActionMask = 2147483647;
			files = (
			);
			runOnlyForDeploymentPostprocessing = 0;
		};
/* End PBXFrameworksBuildPhase section */

/* Begin PBXGroup section */
		EF8184032DAE9ABE009E238E = {
			isa = PBXGroup;
			children = (
				EF8184422DAEA106009E238E /* IOS_Onboarding_Template */,
				EF8184202DAE9ABF009E238E /* IOS_Onboarding_TemplateTests */,
				EF81842A2DAE9ABF009E238E /* IOS_Onboarding_TemplateUITests */,
				EF81840D2DAE9ABE009E238E /* Products */,
			);
			sourceTree = "<group>";
		};
		EF81840D2DAE9ABE009E238E /* Products */ = {
			isa = PBXGroup;
			children = (
				EF81840C2DAE9ABE009E238E /* IOS_Onboarding_Template.app */,
				EF81841D2DAE9ABF009E238E /* IOS_Onboarding_TemplateTests.xctest */,
				EF8184272DAE9ABF009E238E /* IOS_Onboarding_TemplateUITests.xctest */,
			);
			name = Products;
			sourceTree = "<group>";
		};
		EF81843B2DAEA0EA009E238E /* Components */ = {
			isa = PBXGroup;
			children = (
				EF8184472DAEA12C009E238E /* ButtonView.swift */,
				EF8184492DAEA162009E238E /* CheckBoxView.swift */,
				EF8184652DB098D5009E238E /* BackgroundView.swift */,
				EF8184692DB1B8EF009E238E /* ProgressBarView.swift */,
				EF8184712DB2CE9A009E238E /* BackButtonView.swift */,
			);
			path = Components;
			sourceTree = "<group>";
		};
		EF81843D2DAEA106009E238E /* Preview Content */ = {
			isa = PBXGroup;
			children = (
				EF81843C2DAEA106009E238E /* Preview Assets.xcassets */,
			);
			path = "Preview Content";
			sourceTree = "<group>";
		};
		EF8184422DAEA106009E238E /* IOS_Onboarding_Template */ = {
			isa = PBXGroup;
			children = (
				EFD09B712DB44073003D011D /* IOS-Onboarding-Template-Info.plist */,
				EF81843E2DAEA106009E238E /* Assets.xcassets */,
				EF8184732DB2D5D0009E238E /* App Services */,
				EF8184412DAEA106009E238E /* IOS_Onboarding_TemplateApp.swift */,
				EF81843F2DAEA106009E238E /* ContentView.swift */,
				EF81844D2DAEA4B8009E238E /* Views */,
				EF81843D2DAEA106009E238E /* Preview Content */,
				EF8184402DAEA106009E238E /* IOS_Onboarding_Template.entitlements */,
				EF8184542DAEECC4009E238E /* Extensions */,
			);
			path = IOS_Onboarding_Template;
			sourceTree = "<group>";
		};
		EF81844D2DAEA4B8009E238E /* Views */ = {
			isa = PBXGroup;
			children = (
				EFD09B502DB41AB1003D011D /* Other */,
				EFD09B4F2DB41AA5003D011D /* Core */,
				EF81843B2DAEA0EA009E238E /* Components */,
			);
			path = Views;
			sourceTree = "<group>";
		};
		EF8184542DAEECC4009E238E /* Extensions */ = {
			isa = PBXGroup;
			children = (
				EFD09B552DB4231B003D011D /* MainColorView.swift */,
			);
			path = Extensions;
			sourceTree = "<group>";
		};
		EF8184732DB2D5D0009E238E /* App Services */ = {
			isa = PBXGroup;
			children = (
				EFD09B3D2DB34D3C003D011D /* Payment.swift */,
				EF8184742DB2D604009E238E /* AppServices.swift */,
			);
			path = "App Services";
			sourceTree = "<group>";
		};
		EFD09B4F2DB41AA5003D011D /* Core */ = {
			isa = PBXGroup;
			children = (
				EF8184572DAF0103009E238E /* OnboardingView.swift */,
				EF81845B2DAF09CB009E238E /* HomeScreenView.swift */,
				EFD09B5B2DB4344F003D011D /* CameraFlowView.swift */,
			);
			path = Core;
			sourceTree = "<group>";
		};
		EFD09B502DB41AB1003D011D /* Other */ = {
			isa = PBXGroup;
			children = (
				EFD09B4D2DB41A9A003D011D /* PrivacyPolicyView.swift */,
				EFD09B512DB41E3E003D011D /* TermsAndConditionsView.swift */,
			);
			path = Other;
			sourceTree = "<group>";
		};
/* End PBXGroup section */

/* Begin PBXNativeTarget section */
		EF81840B2DAE9ABE009E238E /* IOS_Onboarding_Template */ = {
			isa = PBXNativeTarget;
			buildConfigurationList = EF8184312DAE9ABF009E238E /* Build configuration list for PBXNativeTarget "IOS_Onboarding_Template" */;
			buildPhases = (
				EF8184082DAE9ABE009E238E /* Sources */,
				EF8184092DAE9ABE009E238E /* Frameworks */,
				EF81840A2DAE9ABE009E238E /* Resources */,
			);
			buildRules = (
			);
			dependencies = (
			);
			name = IOS_Onboarding_Template;
			packageProductDependencies = (
			);
			productName = IOS_Onboarding_Template;
			productReference = EF81840C2DAE9ABE009E238E /* IOS_Onboarding_Template.app */;
			productType = "com.apple.product-type.application";
		};
		EF81841C2DAE9ABF009E238E /* IOS_Onboarding_TemplateTests */ = {
			isa = PBXNativeTarget;
			buildConfigurationList = EF8184342DAE9ABF009E238E /* Build configuration list for PBXNativeTarget "IOS_Onboarding_TemplateTests" */;
			buildPhases = (
				EF8184192DAE9ABF009E238E /* Sources */,
				EF81841A2DAE9ABF009E238E /* Frameworks */,
				EF81841B2DAE9ABF009E238E /* Resources */,
			);
			buildRules = (
			);
			dependencies = (
				EF81841F2DAE9ABF009E238E /* PBXTargetDependency */,
			);
			fileSystemSynchronizedGroups = (
				EF8184202DAE9ABF009E238E /* IOS_Onboarding_TemplateTests */,
			);
			name = IOS_Onboarding_TemplateTests;
			packageProductDependencies = (
			);
			productName = IOS_Onboarding_TemplateTests;
			productReference = EF81841D2DAE9ABF009E238E /* IOS_Onboarding_TemplateTests.xctest */;
			productType = "com.apple.product-type.bundle.unit-test";
		};
		EF8184262DAE9ABF009E238E /* IOS_Onboarding_TemplateUITests */ = {
			isa = PBXNativeTarget;
			buildConfigurationList = EF8184372DAE9ABF009E238E /* Build configuration list for PBXNativeTarget "IOS_Onboarding_TemplateUITests" */;
			buildPhases = (
				EF8184232DAE9ABF009E238E /* Sources */,
				EF8184242DAE9ABF009E238E /* Frameworks */,
				EF8184252DAE9ABF009E238E /* Resources */,
			);
			buildRules = (
			);
			dependencies = (
				EF8184292DAE9ABF009E238E /* PBXTargetDependency */,
			);
			fileSystemSynchronizedGroups = (
				EF81842A2DAE9ABF009E238E /* IOS_Onboarding_TemplateUITests */,
			);
			name = IOS_Onboarding_TemplateUITests;
			packageProductDependencies = (
			);
			productName = IOS_Onboarding_TemplateUITests;
			productReference = EF8184272DAE9ABF009E238E /* IOS_Onboarding_TemplateUITests.xctest */;
			productType = "com.apple.product-type.bundle.ui-testing";
		};
/* End PBXNativeTarget section */

/* Begin PBXProject section */
		EF8184042DAE9ABE009E238E /* Project object */ = {
			isa = PBXProject;
			attributes = {
				BuildIndependentTargetsInParallel = 1;
				LastSwiftUpdateCheck = 1620;
				LastUpgradeCheck = 1620;
				TargetAttributes = {
					EF81840B2DAE9ABE009E238E = {
						CreatedOnToolsVersion = 16.2;
					};
					EF81841C2DAE9ABF009E238E = {
						CreatedOnToolsVersion = 16.2;
						TestTargetID = EF81840B2DAE9ABE009E238E;
					};
					EF8184262DAE9ABF009E238E = {
						CreatedOnToolsVersion = 16.2;
						TestTargetID = EF81840B2DAE9ABE009E238E;
					};
				};
			};
			buildConfigurationList = EF8184072DAE9ABE009E238E /* Build configuration list for PBXProject "IOS_Onboarding_Template" */;
			developmentRegion = en;
			hasScannedForEncodings = 0;
			knownRegions = (
				en,
				Base,
			);
			mainGroup = EF8184032DAE9ABE009E238E;
			minimizedProjectReferenceProxies = 1;
			preferredProjectObjectVersion = 77;
			productRefGroup = EF81840D2DAE9ABE009E238E /* Products */;
			projectDirPath = "";
			projectRoot = "";
			targets = (
				EF81840B2DAE9ABE009E238E /* IOS_Onboarding_Template */,
				EF81841C2DAE9ABF009E238E /* IOS_Onboarding_TemplateTests */,
				EF8184262DAE9ABF009E238E /* IOS_Onboarding_TemplateUITests */,
			);
		};
/* End PBXProject section */

/* Begin PBXResourcesBuildPhase section */
		EF81840A2DAE9ABE009E238E /* Resources */ = {
			isa = PBXResourcesBuildPhase;
			buildActionMask = 2147483647;
			files = (
				EF8184432DAEA106009E238E /* Preview Assets.xcassets in Resources */,
				EF8184442DAEA106009E238E /* Assets.xcassets in Resources */,
			);
			runOnlyForDeploymentPostprocessing = 0;
		};
		EF81841B2DAE9ABF009E238E /* Resources */ = {
			isa = PBXResourcesBuildPhase;
			buildActionMask = 2147483647;
			files = (
			);
			runOnlyForDeploymentPostprocessing = 0;
		};
		EF8184252DAE9ABF009E238E /* Resources */ = {
			isa = PBXResourcesBuildPhase;
			buildActionMask = 2147483647;
			files = (
			);
			runOnlyForDeploymentPostprocessing = 0;
		};
/* End PBXResourcesBuildPhase section */

/* Begin PBXSourcesBuildPhase section */
		EF8184082DAE9ABE009E238E /* Sources */ = {
			isa = PBXSourcesBuildPhase;
			buildActionMask = 2147483647;
			files = (
				EF8184452DAEA106009E238E /* ContentView.swift in Sources */,
				EF8184722DB2CE9A009E238E /* BackButtonView.swift in Sources */,
				EF81846A2DB1B8EF009E238E /* ProgressBarView.swift in Sources */,
				EFD09B4E2DB41A9A003D011D /* PrivacyPolicyView.swift in Sources */,
				EF8184582DAF0103009E238E /* OnboardingView.swift in Sources */,
				EF8184662DB098D5009E238E /* BackgroundView.swift in Sources */,
				EF81845C2DAF09CB009E238E /* HomeScreenView.swift in Sources */,
				EFD09B522DB41E3E003D011D /* TermsAndConditionsView.swift in Sources */,
				EF8184462DAEA106009E238E /* IOS_Onboarding_TemplateApp.swift in Sources */,
				EF8184482DAEA12C009E238E /* ButtonView.swift in Sources */,
				EF8184752DB2D604009E238E /* AppServices.swift in Sources */,
				EFD09B5C2DB4344F003D011D /* CameraFlowView.swift in Sources */,
				EFD09B3E2DB34D41003D011D /* Payment.swift in Sources */,
				EFD09B562DB4231B003D011D /* MainColorView.swift in Sources */,
				EF81844A2DAEA162009E238E /* CheckBoxView.swift in Sources */,
			);
			runOnlyForDeploymentPostprocessing = 0;
		};
		EF8184192DAE9ABF009E238E /* Sources */ = {
			isa = PBXSourcesBuildPhase;
			buildActionMask = 2147483647;
			files = (
			);
			runOnlyForDeploymentPostprocessing = 0;
		};
		EF8184232DAE9ABF009E238E /* Sources */ = {
			isa = PBXSourcesBuildPhase;
			buildActionMask = 2147483647;
			files = (
			);
			runOnlyForDeploymentPostprocessing = 0;
		};
/* End PBXSourcesBuildPhase section */

/* Begin PBXTargetDependency section */
		EF81841F2DAE9ABF009E238E /* PBXTargetDependency */ = {
			isa = PBXTargetDependency;
			target = EF81840B2DAE9ABE009E238E /* IOS_Onboarding_Template */;
			targetProxy = EF81841E2DAE9ABF009E238E /* PBXContainerItemProxy */;
		};
		EF8184292DAE9ABF009E238E /* PBXTargetDependency */ = {
			isa = PBXTargetDependency;
			target = EF81840B2DAE9ABE009E238E /* IOS_Onboarding_Template */;
			targetProxy = EF8184282DAE9ABF009E238E /* PBXContainerItemProxy */;
		};
/* End PBXTargetDependency section */

/* Begin XCBuildConfiguration section */
		EF81842F2DAE9ABF009E238E /* Debug */ = {
			isa = XCBuildConfiguration;
			buildSettings = {
				ALWAYS_SEARCH_USER_PATHS = NO;
				ASSETCATALOG_COMPILER_GENERATE_SWIFT_ASSET_SYMBOL_EXTENSIONS = YES;
				CLANG_ANALYZER_NONNULL = YES;
				CLANG_ANALYZER_NUMBER_OBJECT_CONVERSION = YES_AGGRESSIVE;
				CLANG_CXX_LANGUAGE_STANDARD = "gnu++20";
				CLANG_ENABLE_MODULES = YES;
				CLANG_ENABLE_OBJC_ARC = YES;
				CLANG_ENABLE_OBJC_WEAK = YES;
				CLANG_WARN_BLOCK_CAPTURE_AUTORELEASING = YES;
				CLANG_WARN_BOOL_CONVERSION = YES;
				CLANG_WARN_COMMA = YES;
				CLANG_WARN_CONSTANT_CONVERSION = YES;
				CLANG_WARN_DEPRECATED_OBJC_IMPLEMENTATIONS = YES;
				CLANG_WARN_DIRECT_OBJC_ISA_USAGE = YES_ERROR;
				CLANG_WARN_DOCUMENTATION_COMMENTS = YES;
				CLANG_WARN_EMPTY_BODY = YES;
				CLANG_WARN_ENUM_CONVERSION = YES;
				CLANG_WARN_INFINITE_RECURSION = YES;
				CLANG_WARN_INT_CONVERSION = YES;
				CLANG_WARN_NON_LITERAL_NULL_CONVERSION = YES;
				CLANG_WARN_OBJC_IMPLICIT_RETAIN_SELF = YES;
				CLANG_WARN_OBJC_LITERAL_CONVERSION = YES;
				CLANG_WARN_OBJC_ROOT_CLASS = YES_ERROR;
				CLANG_WARN_QUOTED_INCLUDE_IN_FRAMEWORK_HEADER = YES;
				CLANG_WARN_RANGE_LOOP_ANALYSIS = YES;
				CLANG_WARN_STRICT_PROTOTYPES = YES;
				CLANG_WARN_SUSPICIOUS_MOVE = YES;
				CLANG_WARN_UNGUARDED_AVAILABILITY = YES_AGGRESSIVE;
				CLANG_WARN_UNREACHABLE_CODE = YES;
				CLANG_WARN__DUPLICATE_METHOD_MATCH = YES;
				COPY_PHASE_STRIP = NO;
				DEBUG_INFORMATION_FORMAT = dwarf;
				ENABLE_STRICT_OBJC_MSGSEND = YES;
				ENABLE_TESTABILITY = YES;
				ENABLE_USER_SCRIPT_SANDBOXING = YES;
				GCC_C_LANGUAGE_STANDARD = gnu17;
				GCC_DYNAMIC_NO_PIC = NO;
				GCC_NO_COMMON_BLOCKS = YES;
				GCC_OPTIMIZATION_LEVEL = 0;
				GCC_PREPROCESSOR_DEFINITIONS = (
					"DEBUG=1",
					"$(inherited)",
				);
				GCC_WARN_64_TO_32_BIT_CONVERSION = YES;
				GCC_WARN_ABOUT_RETURN_TYPE = YES_ERROR;
				GCC_WARN_UNDECLARED_SELECTOR = YES;
				GCC_WARN_UNINITIALIZED_AUTOS = YES_AGGRESSIVE;
				GCC_WARN_UNUSED_FUNCTION = YES;
				GCC_WARN_UNUSED_VARIABLE = YES;
				LOCALIZATION_PREFERS_STRING_CATALOGS = YES;
				MTL_ENABLE_DEBUG_INFO = INCLUDE_SOURCE;
				MTL_FAST_MATH = YES;
				ONLY_ACTIVE_ARCH = YES;
				SWIFT_ACTIVE_COMPILATION_CONDITIONS = "DEBUG $(inherited)";
				SWIFT_OPTIMIZATION_LEVEL = "-Onone";
			};
			name = Debug;
		};
		EF8184302DAE9ABF009E238E /* Release */ = {
			isa = XCBuildConfiguration;
			buildSettings = {
				ALWAYS_SEARCH_USER_PATHS = NO;
				ASSETCATALOG_COMPILER_GENERATE_SWIFT_ASSET_SYMBOL_EXTENSIONS = YES;
				CLANG_ANALYZER_NONNULL = YES;
				CLANG_ANALYZER_NUMBER_OBJECT_CONVERSION = YES_AGGRESSIVE;
				CLANG_CXX_LANGUAGE_STANDARD = "gnu++20";
				CLANG_ENABLE_MODULES = YES;
				CLANG_ENABLE_OBJC_ARC = YES;
				CLANG_ENABLE_OBJC_WEAK = YES;
				CLANG_WARN_BLOCK_CAPTURE_AUTORELEASING = YES;
				CLANG_WARN_BOOL_CONVERSION = YES;
				CLANG_WARN_COMMA = YES;
				CLANG_WARN_CONSTANT_CONVERSION = YES;
				CLANG_WARN_DEPRECATED_OBJC_IMPLEMENTATIONS = YES;
				CLANG_WARN_DIRECT_OBJC_ISA_USAGE = YES_ERROR;
				CLANG_WARN_DOCUMENTATION_COMMENTS = YES;
				CLANG_WARN_EMPTY_BODY = YES;
				CLANG_WARN_ENUM_CONVERSION = YES;
				CLANG_WARN_INFINITE_RECURSION = YES;
				CLANG_WARN_INT_CONVERSION = YES;
				CLANG_WARN_NON_LITERAL_NULL_CONVERSION = YES;
				CLANG_WARN_OBJC_IMPLICIT_RETAIN_SELF = YES;
				CLANG_WARN_OBJC_LITERAL_CONVERSION = YES;
				CLANG_WARN_OBJC_ROOT_CLASS = YES_ERROR;
				CLANG_WARN_QUOTED_INCLUDE_IN_FRAMEWORK_HEADER = YES;
				CLANG_WARN_RANGE_LOOP_ANALYSIS = YES;
				CLANG_WARN_STRICT_PROTOTYPES = YES;
				CLANG_WARN_SUSPICIOUS_MOVE = YES;
				CLANG_WARN_UNGUARDED_AVAILABILITY = YES_AGGRESSIVE;
				CLANG_WARN_UNREACHABLE_CODE = YES;
				CLANG_WARN__DUPLICATE_METHOD_MATCH = YES;
				COPY_PHASE_STRIP = NO;
				DEBUG_INFORMATION_FORMAT = "dwarf-with-dsym";
				ENABLE_NS_ASSERTIONS = NO;
				ENABLE_STRICT_OBJC_MSGSEND = YES;
				ENABLE_USER_SCRIPT_SANDBOXING = YES;
				GCC_C_LANGUAGE_STANDARD = gnu17;
				GCC_NO_COMMON_BLOCKS = YES;
				GCC_WARN_64_TO_32_BIT_CONVERSION = YES;
				GCC_WARN_ABOUT_RETURN_TYPE = YES_ERROR;
				GCC_WARN_UNDECLARED_SELECTOR = YES;
				GCC_WARN_UNINITIALIZED_AUTOS = YES_AGGRESSIVE;
				GCC_WARN_UNUSED_FUNCTION = YES;
				GCC_WARN_UNUSED_VARIABLE = YES;
				LOCALIZATION_PREFERS_STRING_CATALOGS = YES;
				MTL_ENABLE_DEBUG_INFO = NO;
				MTL_FAST_MATH = YES;
				SWIFT_COMPILATION_MODE = wholemodule;
			};
			name = Release;
		};
		EF8184322DAE9ABF009E238E /* Debug */ = {
			isa = XCBuildConfiguration;
			buildSettings = {
				ASSETCATALOG_COMPILER_APPICON_NAME = AppIcon;
				ASSETCATALOG_COMPILER_GLOBAL_ACCENT_COLOR_NAME = AccentColor;
				CODE_SIGN_ENTITLEMENTS = IOS_Onboarding_Template/IOS_Onboarding_Template.entitlements;
				CODE_SIGN_STYLE = Automatic;
				CURRENT_PROJECT_VERSION = 1;
				DEVELOPMENT_ASSET_PATHS = "\"IOS_Onboarding_Template/Preview Content\"";
				DEVELOPMENT_TEAM = 48DNC6L6NN;
				ENABLE_PREVIEWS = YES;
				GENERATE_INFOPLIST_FILE = YES;
				INFOPLIST_FILE = "/Users/williamliu/Desktop/IOS_Onboarding_Template/IOS_Onboarding_Template/IOS-Onboarding-Template-Info.plist";
				INFOPLIST_KEY_NSCameraUsageDescription = "We need camera access to provide core features of the app";
				"INFOPLIST_KEY_UIApplicationSceneManifest_Generation[sdk=iphoneos*]" = YES;
				"INFOPLIST_KEY_UIApplicationSceneManifest_Generation[sdk=iphonesimulator*]" = YES;
				"INFOPLIST_KEY_UIApplicationSupportsIndirectInputEvents[sdk=iphoneos*]" = YES;
				"INFOPLIST_KEY_UIApplicationSupportsIndirectInputEvents[sdk=iphonesimulator*]" = YES;
				"INFOPLIST_KEY_UILaunchScreen_Generation[sdk=iphoneos*]" = YES;
				"INFOPLIST_KEY_UILaunchScreen_Generation[sdk=iphonesimulator*]" = YES;
				"INFOPLIST_KEY_UIStatusBarStyle[sdk=iphoneos*]" = UIStatusBarStyleDefault;
				"INFOPLIST_KEY_UIStatusBarStyle[sdk=iphonesimulator*]" = UIStatusBarStyleDefault;
				INFOPLIST_KEY_UISupportedInterfaceOrientations_iPad = "UIInterfaceOrientationPortrait UIInterfaceOrientationPortraitUpsideDown";
				INFOPLIST_KEY_UISupportedInterfaceOrientations_iPhone = "UIInterfaceOrientationPortrait UIInterfaceOrientationPortraitUpsideDown";
				IPHONEOS_DEPLOYMENT_TARGET = 17.6;
				LD_RUNPATH_SEARCH_PATHS = "@executable_path/Frameworks";
				"LD_RUNPATH_SEARCH_PATHS[sdk=macosx*]" = "@executable_path/../Frameworks";
				MACOSX_DEPLOYMENT_TARGET = 15.2;
				MARKETING_VERSION = 1.0;
				PRODUCT_BUNDLE_IDENTIFIER = "com.williamliu.Ava-Check";
				PRODUCT_NAME = "$(TARGET_NAME)";
				SDKROOT = auto;
				SUPPORTED_PLATFORMS = "iphoneos iphonesimulator macosx xros xrsimulator";
				SWIFT_EMIT_LOC_STRINGS = YES;
				SWIFT_VERSION = 5.0;
				TARGETED_DEVICE_FAMILY = "1,2,7";
				XROS_DEPLOYMENT_TARGET = 2.2;
			};
			name = Debug;
		};
		EF8184332DAE9ABF009E238E /* Release */ = {
			isa = XCBuildConfiguration;
			buildSettings = {
				ASSETCATALOG_COMPILER_APPICON_NAME = AppIcon;
				ASSETCATALOG_COMPILER_GLOBAL_ACCENT_COLOR_NAME = AccentColor;
				CODE_SIGN_ENTITLEMENTS = IOS_Onboarding_Template/IOS_Onboarding_Template.entitlements;
				CODE_SIGN_STYLE = Automatic;
				CURRENT_PROJECT_VERSION = 1;
				DEVELOPMENT_ASSET_PATHS = "\"IOS_Onboarding_Template/Preview Content\"";
				DEVELOPMENT_TEAM = 48DNC6L6NN;
				ENABLE_PREVIEWS = YES;
				GENERATE_INFOPLIST_FILE = YES;
				INFOPLIST_FILE = "/Users/williamliu/Desktop/IOS_Onboarding_Template/IOS_Onboarding_Template/IOS-Onboarding-Template-Info.plist";
				INFOPLIST_KEY_NSCameraUsageDescription = "We need camera access to provide core features of the app";
				"INFOPLIST_KEY_UIApplicationSceneManifest_Generation[sdk=iphoneos*]" = YES;
				"INFOPLIST_KEY_UIApplicationSceneManifest_Generation[sdk=iphonesimulator*]" = YES;
				"INFOPLIST_KEY_UIApplicationSupportsIndirectInputEvents[sdk=iphoneos*]" = YES;
				"INFOPLIST_KEY_UIApplicationSupportsIndirectInputEvents[sdk=iphonesimulator*]" = YES;
				"INFOPLIST_KEY_UILaunchScreen_Generation[sdk=iphoneos*]" = YES;
				"INFOPLIST_KEY_UILaunchScreen_Generation[sdk=iphonesimulator*]" = YES;
				"INFOPLIST_KEY_UIStatusBarStyle[sdk=iphoneos*]" = UIStatusBarStyleDefault;
				"INFOPLIST_KEY_UIStatusBarStyle[sdk=iphonesimulator*]" = UIStatusBarStyleDefault;
				INFOPLIST_KEY_UISupportedInterfaceOrientations_iPad = "UIInterfaceOrientationPortrait UIInterfaceOrientationPortraitUpsideDown";
				INFOPLIST_KEY_UISupportedInterfaceOrientations_iPhone = "UIInterfaceOrientationPortrait UIInterfaceOrientationPortraitUpsideDown";
				IPHONEOS_DEPLOYMENT_TARGET = 17.6;
				LD_RUNPATH_SEARCH_PATHS = "@executable_path/Frameworks";
				"LD_RUNPATH_SEARCH_PATHS[sdk=macosx*]" = "@executable_path/../Frameworks";
				MACOSX_DEPLOYMENT_TARGET = 15.2;
				MARKETING_VERSION = 1.0;
				PRODUCT_BUNDLE_IDENTIFIER = "com.williamliu.Ava-Check";
				PRODUCT_NAME = "$(TARGET_NAME)";
				SDKROOT = auto;
				SUPPORTED_PLATFORMS = "iphoneos iphonesimulator macosx xros xrsimulator";
				SWIFT_EMIT_LOC_STRINGS = YES;
				SWIFT_VERSION = 5.0;
				TARGETED_DEVICE_FAMILY = "1,2,7";
				XROS_DEPLOYMENT_TARGET = 2.2;
			};
			name = Release;
		};
		EF8184352DAE9ABF009E238E /* Debug */ = {
			isa = XCBuildConfiguration;
			buildSettings = {
				BUNDLE_LOADER = "$(TEST_HOST)";
				CODE_SIGN_STYLE = Automatic;
				CURRENT_PROJECT_VERSION = 1;
				GENERATE_INFOPLIST_FILE = YES;
				IPHONEOS_DEPLOYMENT_TARGET = 18.2;
				MACOSX_DEPLOYMENT_TARGET = 15.2;
				MARKETING_VERSION = 1.0;
				PRODUCT_BUNDLE_IDENTIFIER = "com.williamliu.IOS-Onboarding-TemplateTests";
				PRODUCT_NAME = "$(TARGET_NAME)";
				SDKROOT = auto;
				SUPPORTED_PLATFORMS = "iphoneos iphonesimulator macosx xros xrsimulator";
				SWIFT_EMIT_LOC_STRINGS = NO;
				SWIFT_VERSION = 5.0;
				TARGETED_DEVICE_FAMILY = "1,2,7";
				TEST_HOST = "$(BUILT_PRODUCTS_DIR)/IOS_Onboarding_Template.app/$(BUNDLE_EXECUTABLE_FOLDER_PATH)/IOS_Onboarding_Template";
				XROS_DEPLOYMENT_TARGET = 2.2;
			};
			name = Debug;
		};
		EF8184362DAE9ABF009E238E /* Release */ = {
			isa = XCBuildConfiguration;
			buildSettings = {
				BUNDLE_LOADER = "$(TEST_HOST)";
				CODE_SIGN_STYLE = Automatic;
				CURRENT_PROJECT_VERSION = 1;
				GENERATE_INFOPLIST_FILE = YES;
				IPHONEOS_DEPLOYMENT_TARGET = 18.2;
				MACOSX_DEPLOYMENT_TARGET = 15.2;
				MARKETING_VERSION = 1.0;
				PRODUCT_BUNDLE_IDENTIFIER = "com.williamliu.IOS-Onboarding-TemplateTests";
				PRODUCT_NAME = "$(TARGET_NAME)";
				SDKROOT = auto;
				SUPPORTED_PLATFORMS = "iphoneos iphonesimulator macosx xros xrsimulator";
				SWIFT_EMIT_LOC_STRINGS = NO;
				SWIFT_VERSION = 5.0;
				TARGETED_DEVICE_FAMILY = "1,2,7";
				TEST_HOST = "$(BUILT_PRODUCTS_DIR)/IOS_Onboarding_Template.app/$(BUNDLE_EXECUTABLE_FOLDER_PATH)/IOS_Onboarding_Template";
				XROS_DEPLOYMENT_TARGET = 2.2;
			};
			name = Release;
		};
		EF8184382DAE9ABF009E238E /* Debug */ = {
			isa = XCBuildConfiguration;
			buildSettings = {
				CODE_SIGN_STYLE = Automatic;
				CURRENT_PROJECT_VERSION = 1;
				GENERATE_INFOPLIST_FILE = YES;
				IPHONEOS_DEPLOYMENT_TARGET = 18.2;
				MACOSX_DEPLOYMENT_TARGET = 15.2;
				MARKETING_VERSION = 1.0;
				PRODUCT_BUNDLE_IDENTIFIER = "com.williamliu.IOS-Onboarding-TemplateUITests";
				PRODUCT_NAME = "$(TARGET_NAME)";
				SDKROOT = auto;
				SUPPORTED_PLATFORMS = "iphoneos iphonesimulator macosx xros xrsimulator";
				SWIFT_EMIT_LOC_STRINGS = NO;
				SWIFT_VERSION = 5.0;
				TARGETED_DEVICE_FAMILY = "1,2,7";
				TEST_TARGET_NAME = IOS_Onboarding_Template;
				XROS_DEPLOYMENT_TARGET = 2.2;
			};
			name = Debug;
		};
		EF8184392DAE9ABF009E238E /* Release */ = {
			isa = XCBuildConfiguration;
			buildSettings = {
				CODE_SIGN_STYLE = Automatic;
				CURRENT_PROJECT_VERSION = 1;
				GENERATE_INFOPLIST_FILE = YES;
				IPHONEOS_DEPLOYMENT_TARGET = 18.2;
				MACOSX_DEPLOYMENT_TARGET = 15.2;
				MARKETING_VERSION = 1.0;
				PRODUCT_BUNDLE_IDENTIFIER = "com.williamliu.IOS-Onboarding-TemplateUITests";
				PRODUCT_NAME = "$(TARGET_NAME)";
				SDKROOT = auto;
				SUPPORTED_PLATFORMS = "iphoneos iphonesimulator macosx xros xrsimulator";
				SWIFT_EMIT_LOC_STRINGS = NO;
				SWIFT_VERSION = 5.0;
				TARGETED_DEVICE_FAMILY = "1,2,7";
				TEST_TARGET_NAME = IOS_Onboarding_Template;
				XROS_DEPLOYMENT_TARGET = 2.2;
			};
			name = Release;
		};
/* End XCBuildConfiguration section */

/* Begin XCConfigurationList section */
		EF8184072DAE9ABE009E238E /* Build configuration list for PBXProject "IOS_Onboarding_Template" */ = {
			isa = XCConfigurationList;
			buildConfigurations = (
				EF81842F2DAE9ABF009E238E /* Debug */,
				EF8184302DAE9ABF009E238E /* Release */,
			);
			defaultConfigurationIsVisible = 0;
			defaultConfigurationName = Release;
		};
		EF8184312DAE9ABF009E238E /* Build configuration list for PBXNativeTarget "IOS_Onboarding_Template" */ = {
			isa = XCConfigurationList;
			buildConfigurations = (
				EF8184322DAE9ABF009E238E /* Debug */,
				EF8184332DAE9ABF009E238E /* Release */,
			);
			defaultConfigurationIsVisible = 0;
			defaultConfigurationName = Release;
		};
		EF8184342DAE9ABF009E238E /* Build configuration list for PBXNativeTarget "IOS_Onboarding_TemplateTests" */ = {
			isa = XCConfigurationList;
			buildConfigurations = (
				EF8184352DAE9ABF009E238E /* Debug */,
				EF8184362DAE9ABF009E238E /* Release */,
			);
			defaultConfigurationIsVisible = 0;
			defaultConfigurationName = Release;
		};
		EF8184372DAE9ABF009E238E /* Build configuration list for PBXNativeTarget "IOS_Onboarding_TemplateUITests" */ = {
			isa = XCConfigurationList;
			buildConfigurations = (
				EF8184382DAE9ABF009E238E /* Debug */,
				EF8184392DAE9ABF009E238E /* Release */,
			);
			defaultConfigurationIsVisible = 0;
			defaultConfigurationName = Release;
		};
/* End XCConfigurationList section */
	};
	rootObject = EF8184042DAE9ABE009E238E /* Project object */;
}
